lockVersion: 2.0.0
id: e8d21e3e-c354-43bf-a0e9-5c77dbb6769f
management:
  docChecksum: f1d4d026f8623ee1c84bcb8b4b19a53f
  docVersion: 1.0.0
  speakeasyVersion: 1.286.0
  generationVersion: 2.326.3
  releaseVersion: 0.1.4
  configChecksum: a6a4dd7d96d22b76d034cf253a94afcf
features:
  typescript:
    additionalDependencies: 0.1.0
    core: 3.9.3
    globalSecurity: 2.82.9
    globalSecurityCallbacks: 0.1.0
    globalSecurityFlattening: 0.1.0
    globalServerURLs: 2.82.4
    responseFormat: 0.2.3
    sdkHooks: 0.1.0
generatedFiles:
  - src/sdk/sdk.ts
  - .eslintrc.js
  - .npmignore
  - RUNTIMES.md
  - jsr.json
  - package.json
  - src/index.ts
  - src/lib/base64.ts
  - src/lib/config.ts
  - src/lib/encodings.ts
  - src/lib/http.ts
  - src/lib/retries.ts
  - src/lib/schemas.ts
  - src/lib/sdks.ts
  - src/lib/security.ts
  - src/lib/url.ts
  - src/sdk/index.ts
  - src/models/errors/sdkerror.ts
  - src/models/errors/sdkvalidationerror.ts
  - src/types/blobs.ts
  - src/types/index.ts
  - src/types/operations.ts
  - src/types/rfcdate.ts
  - tsconfig.json
  - src/models/operations/sendemail.ts
  - src/models/components/httpmetadata.ts
  - src/models/components/security.ts
  - src/models/errors/index.ts
  - src/models/operations/index.ts
  - src/models/components/index.ts
  - docs/models/operations/sendemailrequestbody.md
  - docs/models/operations/sendemailresponse.md
  - docs/models/components/httpmetadata.md
  - docs/models/components/security.md
  - docs/sdks/mailengine/README.md
  - USAGE.md
  - .gitattributes
  - src/hooks/hooks.ts
  - src/hooks/types.ts
  - src/hooks/index.ts
